
Microsoft Visual Studio Solution File, Format Version 12.00
# Visual Studio Version 16
VisualStudioVersion = 16.0.29609.76
MinimumVisualStudioVersion = 10.0.40219.1
Project("{8BC9CEB8-8B4A-11D0-8D11-00A0C91BC942}") = "Electronic-Production", "Electronic-Production.vcxproj", "{38EBBA10-7A8D-4601-A133-A5A388E115BA}"
EndProject
Global
	GlobalSection(SolutionConfigurationPlatforms) = preSolution
		Debug|x64 = Debug|x64
		Debug|x86 = Debug|x86
		Release|x64 = Release|x64
		Release|x86 = Release|x86
	EndGlobalSection
	GlobalSection(ProjectConfigurationPlatforms) = postSolution
		{38EBBA10-7A8D-4601-A133-A5A388E115BA}.Debug|x64.ActiveCfg = Debug|x64
		{38EBBA10-7A8D-4601-A133-A5A388E115BA}.Debug|x64.Build.0 = Debug|x64
		{38EBBA10-7A8D-4601-A133-A5A388E115BA}.Debug|x86.ActiveCfg = Debug|Win32
		{38EBBA10-7A8D-4601-A133-A5A388E115BA}.Debug|x86.Build.0 = Debug|Win32
		{38EBBA10-7A8D-4601-A133-A5A388E115BA}.Release|x64.ActiveCfg = Release|x64
		{38EBBA10-7A8D-4601-A133-A5A388E115BA}.Release|x64.Build.0 = Release|x64
		{38EBBA10-7A8D-4601-A133-A5A388E115BA}.Release|x86.ActiveCfg = Release|Win32
		{38EBBA10-7A8D-4601-A133-A5A388E115BA}.Release|x86.Build.0 = Release|Win32
	EndGlobalSection
	GlobalSection(SolutionProperties) = preSolution
		HideSolutionNode = FALSE
	EndGlobalSection
	GlobalSection(ExtensibilityGlobals) = postSolution
		SolutionGuid = {68308B7B-0FB0-42DF-AA62-EEF45A2FEFF7}
	EndGlobalSection
EndGlobal
